
Microsoft Visual Studio Solution File, Format Version 12.00
# Visual Studio Version 17
VisualStudioVersion = 17.14.37111.16
MinimumVisualStudioVersion = 10.0.40219.1
Project("{FAE04EC0-301F-11D3-BF4B-00C04F79EFBC}") = "Savvy.Domain", "Savvy.Domain\Savvy.Domain.csproj", "{CF00FDB4-6AD6-4ED4-BD88-DB89C5729DC3}"
EndProject
Project("{FAE04EC0-301F-11D3-BF4B-00C04F79EFBC}") = "Savvy.Application", "Savvy.Application\Savvy.Application.csproj", "{A75D5093-E489-4A82-80E9-5AA435F39C7E}"
EndProject
Project("{FAE04EC0-301F-11D3-BF4B-00C04F79EFBC}") = "Savvy.Infrastructure", "Savvy.Infrastructure\Savvy.Infrastructure.csproj", "{99626B97-8287-4CB8-ABAA-0A858E92AB2A}"
EndProject
Project("{FAE04EC0-301F-11D3-BF4B-00C04F79EFBC}") = "Savvy.Api.Controllers", "Savvy.Api.Controllers\Savvy.Api.Controllers.csproj", "{8512AF08-F983-460A-A686-5E46CF9C7976}"
EndProject
Project("{FAE04EC0-301F-11D3-BF4B-00C04F79EFBC}") = "Savvy.Api", "Savvy.Api\Savvy.Api.csproj", "{01161AEA-4A0E-4530-95F8-A64CD5831B73}"
EndProject
Project("{FAE04EC0-301F-11D3-BF4B-00C04F79EFBC}") = "Savvy.Tests", "Savvy.Tests\Savvy.Tests.csproj", "{218EFDDF-C89E-47FE-9DFC-597AE1BAB64E}"
EndProject
Global
	GlobalSection(SolutionConfigurationPlatforms) = preSolution
		Debug|Any CPU = Debug|Any CPU
		Debug|x64 = Debug|x64
		Debug|x86 = Debug|x86
		Release|Any CPU = Release|Any CPU
		Release|x64 = Release|x64
		Release|x86 = Release|x86
	EndGlobalSection
	GlobalSection(ProjectConfigurationPlatforms) = postSolution
		{CF00FDB4-6AD6-4ED4-BD88-DB89C5729DC3}.Debug|Any CPU.ActiveCfg = Debug|Any CPU
		{CF00FDB4-6AD6-4ED4-BD88-DB89C5729DC3}.Debug|Any CPU.Build.0 = Debug|Any CPU
		{CF00FDB4-6AD6-4ED4-BD88-DB89C5729DC3}.Debug|x64.ActiveCfg = Debug|Any CPU
		{CF00FDB4-6AD6-4ED4-BD88-DB89C5729DC3}.Debug|x64.Build.0 = Debug|Any CPU
		{CF00FDB4-6AD6-4ED4-BD88-DB89C5729DC3}.Debug|x86.ActiveCfg = Debug|Any CPU
		{CF00FDB4-6AD6-4ED4-BD88-DB89C5729DC3}.Debug|x86.Build.0 = Debug|Any CPU
		{CF00FDB4-6AD6-4ED4-BD88-DB89C5729DC3}.Release|Any CPU.ActiveCfg = Release|Any CPU
		{CF00FDB4-6AD6-4ED4-BD88-DB89C5729DC3}.Release|Any CPU.Build.0 = Release|Any CPU
		{CF00FDB4-6AD6-4ED4-BD88-DB89C5729DC3}.Release|x64.ActiveCfg = Release|Any CPU
		{CF00FDB4-6AD6-4ED4-BD88-DB89C5729DC3}.Release|x64.Build.0 = Release|Any CPU
		{CF00FDB4-6AD6-4ED4-BD88-DB89C5729DC3}.Release|x86.ActiveCfg = Release|Any CPU
		{CF00FDB4-6AD6-4ED4-BD88-DB89C5729DC3}.Release|x86.Build.0 = Release|Any CPU
		{A75D5093-E489-4A82-80E9-5AA435F39C7E}.Debug|Any CPU.ActiveCfg = Debug|Any CPU
		{A75D5093-E489-4A82-80E9-5AA435F39C7E}.Debug|Any CPU.Build.0 = Debug|Any CPU
		{A75D5093-E489-4A82-80E9-5AA435F39C7E}.Debug|x64.ActiveCfg = Debug|Any CPU
		{A75D5093-E489-4A82-80E9-5AA435F39C7E}.Debug|x64.Build.0 = Debug|Any CPU
		{A75D5093-E489-4A82-80E9-5AA435F39C7E}.Debug|x86.ActiveCfg = Debug|Any CPU
		{A75D5093-E489-4A82-80E9-5AA435F39C7E}.Debug|x86.Build.0 = Debug|Any CPU
		{A75D5093-E489-4A82-80E9-5AA435F39C7E}.Release|Any CPU.ActiveCfg = Release|Any CPU
		{A75D5093-E489-4A82-80E9-5AA435F39C7E}.Release|Any CPU.Build.0 = Release|Any CPU
		{A75D5093-E489-4A82-80E9-5AA435F39C7E}.Release|x64.ActiveCfg = Release|Any CPU
		{A75D5093-E489-4A82-80E9-5AA435F39C7E}.Release|x64.Build.0 = Release|Any CPU
		{A75D5093-E489-4A82-80E9-5AA435F39C7E}.Release|x86.ActiveCfg = Release|Any CPU
		{A75D5093-E489-4A82-80E9-5AA435F39C7E}.Release|x86.Build.0 = Release|Any CPU
		{99626B97-8287-4CB8-ABAA-0A858E92AB2A}.Debug|Any CPU.ActiveCfg = Debug|Any CPU
		{99626B97-8287-4CB8-ABAA-0A858E92AB2A}.Debug|Any CPU.Build.0 = Debug|Any CPU
		{99626B97-8287-4CB8-ABAA-0A858E92AB2A}.Debug|x64.ActiveCfg = Debug|Any CPU
		{99626B97-8287-4CB8-ABAA-0A858E92AB2A}.Debug|x64.Build.0 = Debug|Any CPU
		{99626B97-8287-4CB8-ABAA-0A858E92AB2A}.Debug|x86.ActiveCfg = Debug|Any CPU
		{99626B97-8287-4CB8-ABAA-0A858E92AB2A}.Debug|x86.Build.0 = Debug|Any CPU
		{99626B97-8287-4CB8-ABAA-0A858E92AB2A}.Release|Any CPU.ActiveCfg = Release|Any CPU
		{99626B97-8287-4CB8-ABAA-0A858E92AB2A}.Release|Any CPU.Build.0 = Release|Any CPU
		{99626B97-8287-4CB8-ABAA-0A858E92AB2A}.Release|x64.ActiveCfg = Release|Any CPU
		{99626B97-8287-4CB8-ABAA-0A858E92AB2A}.Release|x64.Build.0 = Release|Any CPU
		{99626B97-8287-4CB8-ABAA-0A858E92AB2A}.Release|x86.ActiveCfg = Release|Any CPU
		{99626B97-8287-4CB8-ABAA-0A858E92AB2A}.Release|x86.Build.0 = Release|Any CPU
		{8512AF08-F983-460A-A686-5E46CF9C7976}.Debug|Any CPU.ActiveCfg = Debug|Any CPU
		{8512AF08-F983-460A-A686-5E46CF9C7976}.Debug|Any CPU.Build.0 = Debug|Any CPU
		{8512AF08-F983-460A-A686-5E46CF9C7976}.Debug|x64.ActiveCfg = Debug|Any CPU
		{8512AF08-F983-460A-A686-5E46CF9C7976}.Debug|x64.Build.0 = Debug|Any CPU
		{8512AF08-F983-460A-A686-5E46CF9C7976}.Debug|x86.ActiveCfg = Debug|Any CPU
		{8512AF08-F983-460A-A686-5E46CF9C7976}.Debug|x86.Build.0 = Debug|Any CPU
		{8512AF08-F983-460A-A686-5E46CF9C7976}.Release|Any CPU.ActiveCfg = Release|Any CPU
		{8512AF08-F983-460A-A686-5E46CF9C7976}.Release|Any CPU.Build.0 = Release|Any CPU
		{8512AF08-F983-460A-A686-5E46CF9C7976}.Release|x64.ActiveCfg = Release|Any CPU
		{8512AF08-F983-460A-A686-5E46CF9C7976}.Release|x64.Build.0 = Release|Any CPU
		{8512AF08-F983-460A-A686-5E46CF9C7976}.Release|x86.ActiveCfg = Release|Any CPU
		{8512AF08-F983-460A-A686-5E46CF9C7976}.Release|x86.Build.0 = Release|Any CPU
		{01161AEA-4A0E-4530-95F8-A64CD5831B73}.Debug|Any CPU.ActiveCfg = Debug|Any CPU
		{01161AEA-4A0E-4530-95F8-A64CD5831B73}.Debug|Any CPU.Build.0 = Debug|Any CPU
		{01161AEA-4A0E-4530-95F8-A64CD5831B73}.Debug|x64.ActiveCfg = Debug|Any CPU
		{01161AEA-4A0E-4530-95F8-A64CD5831B73}.Debug|x64.Build.0 = Debug|Any CPU
		{01161AEA-4A0E-4530-95F8-A64CD5831B73}.Debug|x86.ActiveCfg = Debug|Any CPU
		{01161AEA-4A0E-4530-95F8-A64CD5831B73}.Debug|x86.Build.0 = Debug|Any CPU
		{01161AEA-4A0E-4530-95F8-A64CD5831B73}.Release|Any CPU.ActiveCfg = Release|Any CPU
		{01161AEA-4A0E-4530-95F8-A64CD5831B73}.Release|Any CPU.Build.0 = Release|Any CPU
		{01161AEA-4A0E-4530-95F8-A64CD5831B73}.Release|x64.ActiveCfg = Release|Any CPU
		{01161AEA-4A0E-4530-95F8-A64CD5831B73}.Release|x64.Build.0 = Release|Any CPU
		{01161AEA-4A0E-4530-95F8-A64CD5831B73}.Release|x86.ActiveCfg = Release|Any CPU
		{01161AEA-4A0E-4530-95F8-A64CD5831B73}.Release|x86.Build.0 = Release|Any CPU
		{218EFDDF-C89E-47FE-9DFC-597AE1BAB64E}.Debug|Any CPU.ActiveCfg = Debug|Any CPU
		{218EFDDF-C89E-47FE-9DFC-597AE1BAB64E}.Debug|Any CPU.Build.0 = Debug|Any CPU
		{218EFDDF-C89E-47FE-9DFC-597AE1BAB64E}.Debug|x64.ActiveCfg = Debug|Any CPU
		{218EFDDF-C89E-47FE-9DFC-597AE1BAB64E}.Debug|x64.Build.0 = Debug|Any CPU
		{218EFDDF-C89E-47FE-9DFC-597AE1BAB64E}.Debug|x86.ActiveCfg = Debug|Any CPU
		{218EFDDF-C89E-47FE-9DFC-597AE1BAB64E}.Debug|x86.Build.0 = Debug|Any CPU
		{218EFDDF-C89E-47FE-9DFC-597AE1BAB64E}.Release|Any CPU.ActiveCfg = Release|Any CPU
		{218EFDDF-C89E-47FE-9DFC-597AE1BAB64E}.Release|Any CPU.Build.0 = Release|Any CPU
		{218EFDDF-C89E-47FE-9DFC-597AE1BAB64E}.Release|x64.ActiveCfg = Release|Any CPU
		{218EFDDF-C89E-47FE-9DFC-597AE1BAB64E}.Release|x64.Build.0 = Release|Any CPU
		{218EFDDF-C89E-47FE-9DFC-597AE1BAB64E}.Release|x86.ActiveCfg = Release|Any CPU
		{218EFDDF-C89E-47FE-9DFC-597AE1BAB64E}.Release|x86.Build.0 = Release|Any CPU
	EndGlobalSection
	GlobalSection(SolutionProperties) = preSolution
		HideSolutionNode = FALSE
	EndGlobalSection
	GlobalSection(ExtensibilityGlobals) = postSolution
		SolutionGuid = {F35FDFF4-27FE-4697-B6AA-563661F5CFCF}
	EndGlobalSection
EndGlobal
